<Solution>
  <Folder Name="/src/" />
  <Folder Name="/src/Daemon/">
    <Project Path="src/Daemon/1RemoteCLI.Daemon.csproj" />
  </Folder>
  <Folder Name="/src/Hub/">
    <Project Path="src/Hub/1RemoteCLI.Hub.csproj" />
  </Folder>
  <Folder Name="/src/Protocol/">
    <Project Path="src/Protocol/1RemoteCLI.Protocol.csproj" />
  </Folder>
  <Folder Name="/src/Terminal/">
    <Project Path="src/Terminal/1RemoteCLI.Terminal.csproj" />
  </Folder>
  <Folder Name="/tests/" />
  <Folder Name="/tests/E2E.Host/">
    <Project Path="tests/E2E.Host/1RemoteCLI.E2E.Host.csproj" />
  </Folder>
  <Folder Name="/tests/E2E.Script/">
    <Project Path="tests/E2E.Script/1RemoteCLI.E2E.Script.csproj" />
  </Folder>
  <Folder Name="/tests/Daemon.Tests/">
    <Project Path="tests/Daemon.Tests/1RemoteCLI.Daemon.Tests.csproj" />
  </Folder>
  <Folder Name="/tests/Hub.Tests/">
    <Project Path="tests/Hub.Tests/1RemoteCLI.Hub.Tests.csproj" />
  </Folder>
  <Folder Name="/tests/Protocol.Tests/">
    <Project Path="tests/Protocol.Tests/1RemoteCLI.Protocol.Tests.csproj" />
  </Folder>
  <Folder Name="/tests/Terminal.Tests/">
    <Project Path="tests/Terminal.Tests/1RemoteCLI.Terminal.Tests.csproj" />
  </Folder>
</Solution>
